
Microsoft Visual Studio Solution File, Format Version 12.00
# Visual Studio 15
VisualStudioVersion = 15.0.26430.16
MinimumVisualStudioVersion = 10.0.40219.1
Project("{FAE04EC0-301F-11D3-BF4B-00C04F79EFBC}") = "Modifica archivo Gcode", "Modifica archivo Gcode\Modifica archivo Gcode.csproj", "{974CE86F-DD9A-4F1C-842A-EB8739950402}"
EndProject
Project("{FAE04EC0-301F-11D3-BF4B-00C04F79EFBC}") = "Segundo", "..\..\Primero\Segundo\Segundo\Segundo\Segundo.csproj", "{DF40D084-8F7C-4B7E-A972-E87C8F2BF392}"
EndProject
Global
	GlobalSection(SolutionConfigurationPlatforms) = preSolution
		Debug|Any CPU = Debug|Any CPU
		Release|Any CPU = Release|Any CPU
	EndGlobalSection
	GlobalSection(ProjectConfigurationPlatforms) = postSolution
		{974CE86F-DD9A-4F1C-842A-EB8739950402}.Debug|Any CPU.ActiveCfg = Debug|Any CPU
		{974CE86F-DD9A-4F1C-842A-EB8739950402}.Debug|Any CPU.Build.0 = Debug|Any CPU
		{974CE86F-DD9A-4F1C-842A-EB8739950402}.Release|Any CPU.ActiveCfg = Release|Any CPU
		{974CE86F-DD9A-4F1C-842A-EB8739950402}.Release|Any CPU.Build.0 = Release|Any CPU
		{DF40D084-8F7C-4B7E-A972-E87C8F2BF392}.Debug|Any CPU.ActiveCfg = Debug|Any CPU
		{DF40D084-8F7C-4B7E-A972-E87C8F2BF392}.Debug|Any CPU.Build.0 = Debug|Any CPU
		{DF40D084-8F7C-4B7E-A972-E87C8F2BF392}.Release|Any CPU.ActiveCfg = Release|Any CPU
		{DF40D084-8F7C-4B7E-A972-E87C8F2BF392}.Release|Any CPU.Build.0 = Release|Any CPU
	EndGlobalSection
	GlobalSection(SolutionProperties) = preSolution
		HideSolutionNode = FALSE
	EndGlobalSection
EndGlobal
